{
  "name": "in-depth-scroll",
  "version": "1.0.0",
  "lockfileVersion": 1,
  "requires": true,
  "dependencies": {
    "intersection-observer": {
      "version": "0.7.0",
      "resolved": "https://registry.npmjs.org/intersection-observer/-/intersection-observer-0.7.0.tgz",
      "integrity": "sha512-Id0Fij0HsB/vKWGeBe9PxeY45ttRiBmhFyyt/geBdDHBYNctMRTE3dC1U3ujzz3lap+hVXlEcVaB56kZP/eEUg=="
    },
    "lodash.debounce": {
      "version": "4.0.8",
      "resolved": "https://registry.npmjs.org/lodash.debounce/-/lodash.debounce-4.0.8.tgz",
      "integrity": "sha1-gteb/zCmfEAF/9XiUVMArZyk168="
    },
    "scrollama": {
      "version": "2.1.2",
      "resolved": "https://registry.npmjs.org/scrollama/-/scrollama-2.1.2.tgz",
      "integrity": "sha512-UQOm+kzZ0Zv7w8VFpRQTMTyy4iDOa6KKB2hMmuajmtTkD/sOnEvKkB7YN9x2zYyCji6awpIgQCUyihvZ/huLRA=="
    }
  }
}
